
Microsoft Visual Studio Solution File, Format Version 11.00
# Visual Studio 2010
Project("{8BC9CEB8-8B4A-11D0-8D11-00A0C91BC942}") = "Magnetic field amplification 3d", "Magnetic field amplification 3d\Magnetic field amplification 3d.vcxproj", "{44A03627-10EB-44DF-9318-24A73EE82C2E}"
EndProject
Project("{8BC9CEB8-8B4A-11D0-8D11-00A0C91BC942}") = "Magnetic field amplification 1d", "Magnetic field amplification 1d\Magnetic field amplification 1d.vcxproj", "{F83DEADD-D52B-4FC1-90DE-33492D30212B}"
EndProject
Project("{8BC9CEB8-8B4A-11D0-8D11-00A0C91BC942}") = "Magnetic field amplification 1dflat", "Magnetic field amplification 1dflat\Magnetic field amplification 1dflat.vcxproj", "{37DBE559-18DF-4283-9FA3-D802156698C5}"
EndProject
Project("{8BC9CEB8-8B4A-11D0-8D11-00A0C91BC942}") = "Magnetic field amplification 2dflat", "Magnetic field amplification 2dflat\Magnetic field amplification 2dflat.vcxproj", "{A5649277-EDA0-4D10-B43B-B67A1D428607}"
EndProject
Project("{8BC9CEB8-8B4A-11D0-8D11-00A0C91BC942}") = "Magnetic field amplification 3d hydrodynamic", "Magnetic field amplification 3d hydrodynamic\Magnetic field amplification 3d hydrodynamic.vcxproj", "{E9F20A95-4996-4802-B34C-4C86A403FE5B}"
EndProject
Project("{8BC9CEB8-8B4A-11D0-8D11-00A0C91BC942}") = "Magnetic field amplification 1d hydrodynamic", "Magnetic field amplification 1d hydrodynamic\Magnetic field amplification 1d hydrodynamic.vcxproj", "{EC2CDB74-568B-4732-996F-7337009BE792}"
EndProject
Project("{8BC9CEB8-8B4A-11D0-8D11-00A0C91BC942}") = "Zirakashvili", "Zirakashvili\Zirakashvili.vcxproj", "{B4E7EDF7-66A5-43D2-8A52-9A02FC3CC541}"
EndProject
Project("{8BC9CEB8-8B4A-11D0-8D11-00A0C91BC942}") = "TracPen", "TracPen\TracPen.vcxproj", "{5FA18B8B-3A6F-4E95-9563-3E857E7FDDCC}"
EndProject
Project("{8BC9CEB8-8B4A-11D0-8D11-00A0C91BC942}") = "Godunov1d", "Godunov1d\Godunov1d.vcxproj", "{5540CCD7-D99B-41BA-943F-74642481173D}"
EndProject
Project("{8BC9CEB8-8B4A-11D0-8D11-00A0C91BC942}") = "GodunovSpherical", "GodunovSpherical\GodunovSpherical.vcxproj", "{42D20932-AE0F-4A1B-823E-86A8195209F9}"
EndProject
Project("{8BC9CEB8-8B4A-11D0-8D11-00A0C91BC942}") = "SolveThreeDiagonal", "SolveThreeDiagonal\SolveThreeDiagonal.vcxproj", "{19E326B2-A6A9-47EB-BA8C-9D2434D0F783}"
EndProject
Project("{8BC9CEB8-8B4A-11D0-8D11-00A0C91BC942}") = "dsa", "dsa\dsa.vcxproj", "{D8E09FB2-B4AF-43C4-9C7D-17637A077E23}"
EndProject
Project("{8BC9CEB8-8B4A-11D0-8D11-00A0C91BC942}") = "RoeOsher", "RoeOsher\RoeOsher.vcxproj", "{DB198A70-7DF9-44EA-AFEE-0C93966D3B0D}"
EndProject
Project("{8BC9CEB8-8B4A-11D0-8D11-00A0C91BC942}") = "RoeOsherSpherical", "RoeOsherSpherical\RoeOsherSpherical.vcxproj", "{FB9DF301-C6E0-4523-BA28-FD8547F6CF4A}"
EndProject
Project("{8BC9CEB8-8B4A-11D0-8D11-00A0C91BC942}") = "RoeOsherSpherical2", "RoeOsherSpherical2\RoeOsherSpherical2.vcxproj", "{6D2FB62D-6C9F-4EF9-82F0-48450ADB6496}"
EndProject
Project("{8BC9CEB8-8B4A-11D0-8D11-00A0C91BC942}") = "RoeOsherTest", "RoeOsherTest\RoeOsherTest.vcxproj", "{16B7EA0F-5840-4F8D-A125-AA313AA2F008}"
EndProject
Project("{8BC9CEB8-8B4A-11D0-8D11-00A0C91BC942}") = "TestOMP", "TestOMP\TestOMP.vcxproj", "{0073E778-965D-4D4A-827B-B1AD696C3D72}"
EndProject
Project("{8BC9CEB8-8B4A-11D0-8D11-00A0C91BC942}") = "Stationar", "Stationar\Stationar.vcxproj", "{F2146629-0E66-4CD4-9EE7-5BD45C03AFA9}"
EndProject
Project("{8BC9CEB8-8B4A-11D0-8D11-00A0C91BC942}") = "Rewrite", "Rewrite\Rewrite.vcxproj", "{F0CAA764-6FE5-46DE-8F6B-00D6EE33CCB4}"
EndProject
Global
	GlobalSection(SolutionConfigurationPlatforms) = preSolution
		Debug|Win32 = Debug|Win32
		Release|Win32 = Release|Win32
	EndGlobalSection
	GlobalSection(ProjectConfigurationPlatforms) = postSolution
		{44A03627-10EB-44DF-9318-24A73EE82C2E}.Debug|Win32.ActiveCfg = Debug|Win32
		{44A03627-10EB-44DF-9318-24A73EE82C2E}.Debug|Win32.Build.0 = Debug|Win32
		{44A03627-10EB-44DF-9318-24A73EE82C2E}.Release|Win32.ActiveCfg = Release|Win32
		{44A03627-10EB-44DF-9318-24A73EE82C2E}.Release|Win32.Build.0 = Release|Win32
		{F83DEADD-D52B-4FC1-90DE-33492D30212B}.Debug|Win32.ActiveCfg = Debug|Win32
		{F83DEADD-D52B-4FC1-90DE-33492D30212B}.Debug|Win32.Build.0 = Debug|Win32
		{F83DEADD-D52B-4FC1-90DE-33492D30212B}.Release|Win32.ActiveCfg = Release|Win32
		{F83DEADD-D52B-4FC1-90DE-33492D30212B}.Release|Win32.Build.0 = Release|Win32
		{37DBE559-18DF-4283-9FA3-D802156698C5}.Debug|Win32.ActiveCfg = Debug|Win32
		{37DBE559-18DF-4283-9FA3-D802156698C5}.Debug|Win32.Build.0 = Debug|Win32
		{37DBE559-18DF-4283-9FA3-D802156698C5}.Release|Win32.ActiveCfg = Release|Win32
		{37DBE559-18DF-4283-9FA3-D802156698C5}.Release|Win32.Build.0 = Release|Win32
		{A5649277-EDA0-4D10-B43B-B67A1D428607}.Debug|Win32.ActiveCfg = Debug|Win32
		{A5649277-EDA0-4D10-B43B-B67A1D428607}.Debug|Win32.Build.0 = Debug|Win32
		{A5649277-EDA0-4D10-B43B-B67A1D428607}.Release|Win32.ActiveCfg = Release|Win32
		{A5649277-EDA0-4D10-B43B-B67A1D428607}.Release|Win32.Build.0 = Release|Win32
		{E9F20A95-4996-4802-B34C-4C86A403FE5B}.Debug|Win32.ActiveCfg = Debug|Win32
		{E9F20A95-4996-4802-B34C-4C86A403FE5B}.Debug|Win32.Build.0 = Debug|Win32
		{E9F20A95-4996-4802-B34C-4C86A403FE5B}.Release|Win32.ActiveCfg = Release|Win32
		{E9F20A95-4996-4802-B34C-4C86A403FE5B}.Release|Win32.Build.0 = Release|Win32
		{EC2CDB74-568B-4732-996F-7337009BE792}.Debug|Win32.ActiveCfg = Debug|Win32
		{EC2CDB74-568B-4732-996F-7337009BE792}.Debug|Win32.Build.0 = Debug|Win32
		{EC2CDB74-568B-4732-996F-7337009BE792}.Release|Win32.ActiveCfg = Release|Win32
		{EC2CDB74-568B-4732-996F-7337009BE792}.Release|Win32.Build.0 = Release|Win32
		{B4E7EDF7-66A5-43D2-8A52-9A02FC3CC541}.Debug|Win32.ActiveCfg = Debug|Win32
		{B4E7EDF7-66A5-43D2-8A52-9A02FC3CC541}.Debug|Win32.Build.0 = Debug|Win32
		{B4E7EDF7-66A5-43D2-8A52-9A02FC3CC541}.Release|Win32.ActiveCfg = Release|Win32
		{B4E7EDF7-66A5-43D2-8A52-9A02FC3CC541}.Release|Win32.Build.0 = Release|Win32
		{5FA18B8B-3A6F-4E95-9563-3E857E7FDDCC}.Debug|Win32.ActiveCfg = Debug|Win32
		{5FA18B8B-3A6F-4E95-9563-3E857E7FDDCC}.Debug|Win32.Build.0 = Debug|Win32
		{5FA18B8B-3A6F-4E95-9563-3E857E7FDDCC}.Release|Win32.ActiveCfg = Release|Win32
		{5FA18B8B-3A6F-4E95-9563-3E857E7FDDCC}.Release|Win32.Build.0 = Release|Win32
		{5540CCD7-D99B-41BA-943F-74642481173D}.Debug|Win32.ActiveCfg = Debug|Win32
		{5540CCD7-D99B-41BA-943F-74642481173D}.Debug|Win32.Build.0 = Debug|Win32
		{5540CCD7-D99B-41BA-943F-74642481173D}.Release|Win32.ActiveCfg = Release|Win32
		{5540CCD7-D99B-41BA-943F-74642481173D}.Release|Win32.Build.0 = Release|Win32
		{42D20932-AE0F-4A1B-823E-86A8195209F9}.Debug|Win32.ActiveCfg = Debug|Win32
		{42D20932-AE0F-4A1B-823E-86A8195209F9}.Debug|Win32.Build.0 = Debug|Win32
		{42D20932-AE0F-4A1B-823E-86A8195209F9}.Release|Win32.ActiveCfg = Release|Win32
		{42D20932-AE0F-4A1B-823E-86A8195209F9}.Release|Win32.Build.0 = Release|Win32
		{19E326B2-A6A9-47EB-BA8C-9D2434D0F783}.Debug|Win32.ActiveCfg = Debug|Win32
		{19E326B2-A6A9-47EB-BA8C-9D2434D0F783}.Debug|Win32.Build.0 = Debug|Win32
		{19E326B2-A6A9-47EB-BA8C-9D2434D0F783}.Release|Win32.ActiveCfg = Release|Win32
		{19E326B2-A6A9-47EB-BA8C-9D2434D0F783}.Release|Win32.Build.0 = Release|Win32
		{D8E09FB2-B4AF-43C4-9C7D-17637A077E23}.Debug|Win32.ActiveCfg = Debug|Win32
		{D8E09FB2-B4AF-43C4-9C7D-17637A077E23}.Debug|Win32.Build.0 = Debug|Win32
		{D8E09FB2-B4AF-43C4-9C7D-17637A077E23}.Release|Win32.ActiveCfg = Release|Win32
		{D8E09FB2-B4AF-43C4-9C7D-17637A077E23}.Release|Win32.Build.0 = Release|Win32
		{DB198A70-7DF9-44EA-AFEE-0C93966D3B0D}.Debug|Win32.ActiveCfg = Debug|Win32
		{DB198A70-7DF9-44EA-AFEE-0C93966D3B0D}.Debug|Win32.Build.0 = Debug|Win32
		{DB198A70-7DF9-44EA-AFEE-0C93966D3B0D}.Release|Win32.ActiveCfg = Release|Win32
		{DB198A70-7DF9-44EA-AFEE-0C93966D3B0D}.Release|Win32.Build.0 = Release|Win32
		{FB9DF301-C6E0-4523-BA28-FD8547F6CF4A}.Debug|Win32.ActiveCfg = Debug|Win32
		{FB9DF301-C6E0-4523-BA28-FD8547F6CF4A}.Debug|Win32.Build.0 = Debug|Win32
		{FB9DF301-C6E0-4523-BA28-FD8547F6CF4A}.Release|Win32.ActiveCfg = Release|Win32
		{FB9DF301-C6E0-4523-BA28-FD8547F6CF4A}.Release|Win32.Build.0 = Release|Win32
		{6D2FB62D-6C9F-4EF9-82F0-48450ADB6496}.Debug|Win32.ActiveCfg = Debug|Win32
		{6D2FB62D-6C9F-4EF9-82F0-48450ADB6496}.Debug|Win32.Build.0 = Debug|Win32
		{6D2FB62D-6C9F-4EF9-82F0-48450ADB6496}.Release|Win32.ActiveCfg = Release|Win32
		{6D2FB62D-6C9F-4EF9-82F0-48450ADB6496}.Release|Win32.Build.0 = Release|Win32
		{16B7EA0F-5840-4F8D-A125-AA313AA2F008}.Debug|Win32.ActiveCfg = Debug|Win32
		{16B7EA0F-5840-4F8D-A125-AA313AA2F008}.Debug|Win32.Build.0 = Debug|Win32
		{16B7EA0F-5840-4F8D-A125-AA313AA2F008}.Release|Win32.ActiveCfg = Release|Win32
		{16B7EA0F-5840-4F8D-A125-AA313AA2F008}.Release|Win32.Build.0 = Release|Win32
		{0073E778-965D-4D4A-827B-B1AD696C3D72}.Debug|Win32.ActiveCfg = Debug|Win32
		{0073E778-965D-4D4A-827B-B1AD696C3D72}.Debug|Win32.Build.0 = Debug|Win32
		{0073E778-965D-4D4A-827B-B1AD696C3D72}.Release|Win32.ActiveCfg = Release|Win32
		{0073E778-965D-4D4A-827B-B1AD696C3D72}.Release|Win32.Build.0 = Release|Win32
		{F2146629-0E66-4CD4-9EE7-5BD45C03AFA9}.Debug|Win32.ActiveCfg = Debug|Win32
		{F2146629-0E66-4CD4-9EE7-5BD45C03AFA9}.Debug|Win32.Build.0 = Debug|Win32
		{F2146629-0E66-4CD4-9EE7-5BD45C03AFA9}.Release|Win32.ActiveCfg = Release|Win32
		{F2146629-0E66-4CD4-9EE7-5BD45C03AFA9}.Release|Win32.Build.0 = Release|Win32
		{F0CAA764-6FE5-46DE-8F6B-00D6EE33CCB4}.Debug|Win32.ActiveCfg = Debug|Win32
		{F0CAA764-6FE5-46DE-8F6B-00D6EE33CCB4}.Debug|Win32.Build.0 = Debug|Win32
		{F0CAA764-6FE5-46DE-8F6B-00D6EE33CCB4}.Release|Win32.ActiveCfg = Release|Win32
		{F0CAA764-6FE5-46DE-8F6B-00D6EE33CCB4}.Release|Win32.Build.0 = Release|Win32
	EndGlobalSection
	GlobalSection(SolutionProperties) = preSolution
		HideSolutionNode = FALSE
	EndGlobalSection
EndGlobal
